
Microsoft Visual Studio Solution File, Format Version 12.00
# Visual Studio 15
VisualStudioVersion = 15.0.27004.2009
MinimumVisualStudioVersion = 10.0.40219.1
Project("{FAE04EC0-301F-11D3-BF4B-00C04F79EFBC}") = "SportsStore.Domain", "SportsStore.Domain\SportsStore.Domain.csproj", "{116FAFFB-46D5-4482-A719-B88461ADE24E}"
EndProject
Project("{FAE04EC0-301F-11D3-BF4B-00C04F79EFBC}") = "SportsStore.WebUI", "SportsStore.WebUI\SportsStore.WebUI.csproj", "{483555E1-8FCD-49FA-85CF-021897E3B6D1}"
EndProject
Project("{FAE04EC0-301F-11D3-BF4B-00C04F79EFBC}") = "SportsStore.UnitTests", "SportsStore.UnitTests\SportsStore.UnitTests.csproj", "{AE89EE7C-8B9B-4A9A-ADB7-4975A6D598FF}"
EndProject
Global
	GlobalSection(SolutionConfigurationPlatforms) = preSolution
		Debug|Any CPU = Debug|Any CPU
		Release|Any CPU = Release|Any CPU
	EndGlobalSection
	GlobalSection(ProjectConfigurationPlatforms) = postSolution
		{116FAFFB-46D5-4482-A719-B88461ADE24E}.Debug|Any CPU.ActiveCfg = Debug|Any CPU
		{116FAFFB-46D5-4482-A719-B88461ADE24E}.Debug|Any CPU.Build.0 = Debug|Any CPU
		{116FAFFB-46D5-4482-A719-B88461ADE24E}.Release|Any CPU.ActiveCfg = Release|Any CPU
		{116FAFFB-46D5-4482-A719-B88461ADE24E}.Release|Any CPU.Build.0 = Release|Any CPU
		{483555E1-8FCD-49FA-85CF-021897E3B6D1}.Debug|Any CPU.ActiveCfg = Debug|Any CPU
		{483555E1-8FCD-49FA-85CF-021897E3B6D1}.Debug|Any CPU.Build.0 = Debug|Any CPU
		{483555E1-8FCD-49FA-85CF-021897E3B6D1}.Release|Any CPU.ActiveCfg = Release|Any CPU
		{483555E1-8FCD-49FA-85CF-021897E3B6D1}.Release|Any CPU.Build.0 = Release|Any CPU
		{AE89EE7C-8B9B-4A9A-ADB7-4975A6D598FF}.Debug|Any CPU.ActiveCfg = Debug|Any CPU
		{AE89EE7C-8B9B-4A9A-ADB7-4975A6D598FF}.Debug|Any CPU.Build.0 = Debug|Any CPU
		{AE89EE7C-8B9B-4A9A-ADB7-4975A6D598FF}.Release|Any CPU.ActiveCfg = Release|Any CPU
		{AE89EE7C-8B9B-4A9A-ADB7-4975A6D598FF}.Release|Any CPU.Build.0 = Release|Any CPU
	EndGlobalSection
	GlobalSection(SolutionProperties) = preSolution
		HideSolutionNode = FALSE
	EndGlobalSection
	GlobalSection(ExtensibilityGlobals) = postSolution
		SolutionGuid = {F0C9A74C-61AB-42D5-9306-E41E3D7C3DD1}
	EndGlobalSection
EndGlobal
